
Microsoft Visual Studio Solution File, Format Version 12.00
# Visual Studio Version 16
VisualStudioVersion = 16.0.29905.134
MinimumVisualStudioVersion = 10.0.40219.1
Project("{FAE04EC0-301F-11D3-BF4B-00C04F79EFBC}") = "GMF.Transform", "GMF.Transform\GMF.Transform.csproj", "{C6D5A0E4-FFD6-4843-985D-21B27337577F}"
EndProject
Global
	GlobalSection(SolutionConfigurationPlatforms) = preSolution
		Debug|Any CPU = Debug|Any CPU
		Release|Any CPU = Release|Any CPU
	EndGlobalSection
	GlobalSection(ProjectConfigurationPlatforms) = postSolution
		{C6D5A0E4-FFD6-4843-985D-21B27337577F}.Debug|Any CPU.ActiveCfg = Debug|Any CPU
		{C6D5A0E4-FFD6-4843-985D-21B27337577F}.Debug|Any CPU.Build.0 = Debug|Any CPU
		{C6D5A0E4-FFD6-4843-985D-21B27337577F}.Release|Any CPU.ActiveCfg = Release|Any CPU
		{C6D5A0E4-FFD6-4843-985D-21B27337577F}.Release|Any CPU.Build.0 = Release|Any CPU
	EndGlobalSection
	GlobalSection(SolutionProperties) = preSolution
		HideSolutionNode = FALSE
	EndGlobalSection
	GlobalSection(ExtensibilityGlobals) = postSolution
		SolutionGuid = {17D5BE20-CC70-475E-99EA-324218A995F2}
	EndGlobalSection
EndGlobal
